
Microsoft Visual Studio Solution File, Format Version 12.00
# Visual Studio Version 17
VisualStudioVersion = 17.13.35825.156 d17.13
MinimumVisualStudioVersion = 10.0.40219.1
Project("{FAE04EC0-301F-11D3-BF4B-00C04F79EFBC}") = "TestAPI", "TestAPI\TestAPI.csproj", "{7D7C3361-7142-4190-8709-6AFDA08E66CE}"
EndProject
Global
	GlobalSection(SolutionConfigurationPlatforms) = preSolution
		Debug|Any CPU = Debug|Any CPU
		Release|Any CPU = Release|Any CPU
	EndGlobalSection
	GlobalSection(ProjectConfigurationPlatforms) = postSolution
		{7D7C3361-7142-4190-8709-6AFDA08E66CE}.Debug|Any CPU.ActiveCfg = Debug|Any CPU
		{7D7C3361-7142-4190-8709-6AFDA08E66CE}.Debug|Any CPU.Build.0 = Debug|Any CPU
		{7D7C3361-7142-4190-8709-6AFDA08E66CE}.Release|Any CPU.ActiveCfg = Release|Any CPU
		{7D7C3361-7142-4190-8709-6AFDA08E66CE}.Release|Any CPU.Build.0 = Release|Any CPU
	EndGlobalSection
	GlobalSection(SolutionProperties) = preSolution
		HideSolutionNode = FALSE
	EndGlobalSection
	GlobalSection(ExtensibilityGlobals) = postSolution
		SolutionGuid = {02B4E9E3-50FC-41A6-A8E9-50967C01B450}
	EndGlobalSection
EndGlobal
